
Microsoft Visual Studio Solution File, Format Version 12.00
# Visual Studio 15
VisualStudioVersion = 15.0.26403.7
MinimumVisualStudioVersion = 10.0.40219.1
Project("{D954291E-2A0B-460D-934E-DC6B0785DB48}") = "Agroseller", "Agroseller\Agroseller\Agroseller.shproj", "{E29D4AAF-E1B8-44E5-A92B-4C0F7669ECB1}"
EndProject
Project("{FAE04EC0-301F-11D3-BF4B-00C04F79EFBC}") = "Agroseller.Android", "Agroseller\Agroseller.Android\Agroseller.Android.csproj", "{92096AF6-EF79-4EBA-901C-EA3E28851768}"
EndProject
Project("{FAE04EC0-301F-11D3-BF4B-00C04F79EFBC}") = "Agroseller.iOS", "Agroseller\Agroseller.iOS\Agroseller.iOS.csproj", "{02747A0A-5AAF-47AF-8BC4-1BAAB4DB6D4D}"
EndProject
Project("{FAE04EC0-301F-11D3-BF4B-00C04F79EFBC}") = "Agroseller.UWP", "Agroseller\Agroseller.UWP\Agroseller.UWP.csproj", "{EAA08BF9-E0DC-4E1F-B19A-88425A3DDD96}"
EndProject
Global
	GlobalSection(SharedMSBuildProjectFiles) = preSolution
		Agroseller\Agroseller\Agroseller.projitems*{02747a0a-5aaf-47af-8bc4-1baab4db6d4d}*SharedItemsImports = 4
		Agroseller\Agroseller\Agroseller.projitems*{92096af6-ef79-4eba-901c-ea3e28851768}*SharedItemsImports = 4
		Agroseller\Agroseller\Agroseller.projitems*{e29d4aaf-e1b8-44e5-a92b-4c0f7669ecb1}*SharedItemsImports = 13
		Agroseller\Agroseller\Agroseller.projitems*{eaa08bf9-e0dc-4e1f-b19a-88425a3ddd96}*SharedItemsImports = 4
	EndGlobalSection
	GlobalSection(SolutionConfigurationPlatforms) = preSolution
		Ad-Hoc|Any CPU = Ad-Hoc|Any CPU
		Ad-Hoc|ARM = Ad-Hoc|ARM
		Ad-Hoc|iPhone = Ad-Hoc|iPhone
		Ad-Hoc|iPhoneSimulator = Ad-Hoc|iPhoneSimulator
		Ad-Hoc|x64 = Ad-Hoc|x64
		Ad-Hoc|x86 = Ad-Hoc|x86
		AppStore|Any CPU = AppStore|Any CPU
		AppStore|ARM = AppStore|ARM
		AppStore|iPhone = AppStore|iPhone
		AppStore|iPhoneSimulator = AppStore|iPhoneSimulator
		AppStore|x64 = AppStore|x64
		AppStore|x86 = AppStore|x86
		Debug|Any CPU = Debug|Any CPU
		Debug|ARM = Debug|ARM
		Debug|iPhone = Debug|iPhone
		Debug|iPhoneSimulator = Debug|iPhoneSimulator
		Debug|x64 = Debug|x64
		Debug|x86 = Debug|x86
		Release|Any CPU = Release|Any CPU
		Release|ARM = Release|ARM
		Release|iPhone = Release|iPhone
		Release|iPhoneSimulator = Release|iPhoneSimulator
		Release|x64 = Release|x64
		Release|x86 = Release|x86
	EndGlobalSection
	GlobalSection(ProjectConfigurationPlatforms) = postSolution
		{92096AF6-EF79-4EBA-901C-EA3E28851768}.Ad-Hoc|Any CPU.ActiveCfg = Release|Any CPU
		{92096AF6-EF79-4EBA-901C-EA3E28851768}.Ad-Hoc|Any CPU.Build.0 = Release|Any CPU
		{92096AF6-EF79-4EBA-901C-EA3E28851768}.Ad-Hoc|Any CPU.Deploy.0 = Release|Any CPU
		{92096AF6-EF79-4EBA-901C-EA3E28851768}.Ad-Hoc|ARM.ActiveCfg = Release|Any CPU
		{92096AF6-EF79-4EBA-901C-EA3E28851768}.Ad-Hoc|ARM.Build.0 = Release|Any CPU
		{92096AF6-EF79-4EBA-901C-EA3E28851768}.Ad-Hoc|ARM.Deploy.0 = Release|Any CPU
		{92096AF6-EF79-4EBA-901C-EA3E28851768}.Ad-Hoc|iPhone.ActiveCfg = Release|Any CPU
		{92096AF6-EF79-4EBA-901C-EA3E28851768}.Ad-Hoc|iPhone.Build.0 = Release|Any CPU
		{92096AF6-EF79-4EBA-901C-EA3E28851768}.Ad-Hoc|iPhone.Deploy.0 = Release|Any CPU
		{92096AF6-EF79-4EBA-901C-EA3E28851768}.Ad-Hoc|iPhoneSimulator.ActiveCfg = Release|Any CPU
		{92096AF6-EF79-4EBA-901C-EA3E28851768}.Ad-Hoc|iPhoneSimulator.Build.0 = Release|Any CPU
		{92096AF6-EF79-4EBA-901C-EA3E28851768}.Ad-Hoc|iPhoneSimulator.Deploy.0 = Release|Any CPU
		{92096AF6-EF79-4EBA-901C-EA3E28851768}.Ad-Hoc|x64.ActiveCfg = Release|Any CPU
		{92096AF6-EF79-4EBA-901C-EA3E28851768}.Ad-Hoc|x64.Build.0 = Release|Any CPU
		{92096AF6-EF79-4EBA-901C-EA3E28851768}.Ad-Hoc|x64.Deploy.0 = Release|Any CPU
		{92096AF6-EF79-4EBA-901C-EA3E28851768}.Ad-Hoc|x86.ActiveCfg = Release|Any CPU
		{92096AF6-EF79-4EBA-901C-EA3E28851768}.Ad-Hoc|x86.Build.0 = Release|Any CPU
		{92096AF6-EF79-4EBA-901C-EA3E28851768}.Ad-Hoc|x86.Deploy.0 = Release|Any CPU
		{92096AF6-EF79-4EBA-901C-EA3E28851768}.AppStore|Any CPU.ActiveCfg = Release|Any CPU
		{92096AF6-EF79-4EBA-901C-EA3E28851768}.AppStore|Any CPU.Build.0 = Release|Any CPU
		{92096AF6-EF79-4EBA-901C-EA3E28851768}.AppStore|Any CPU.Deploy.0 = Release|Any CPU
		{92096AF6-EF79-4EBA-901C-EA3E28851768}.AppStore|ARM.ActiveCfg = Release|Any CPU
		{92096AF6-EF79-4EBA-901C-EA3E28851768}.AppStore|ARM.Build.0 = Release|Any CPU
		{92096AF6-EF79-4EBA-901C-EA3E28851768}.AppStore|ARM.Deploy.0 = Release|Any CPU
		{92096AF6-EF79-4EBA-901C-EA3E28851768}.AppStore|iPhone.ActiveCfg = Release|Any CPU
		{92096AF6-EF79-4EBA-901C-EA3E28851768}.AppStore|iPhone.Build.0 = Release|Any CPU
		{92096AF6-EF79-4EBA-901C-EA3E28851768}.AppStore|iPhone.Deploy.0 = Release|Any CPU
		{92096AF6-EF79-4EBA-901C-EA3E28851768}.AppStore|iPhoneSimulator.ActiveCfg = Release|Any CPU
		{92096AF6-EF79-4EBA-901C-EA3E28851768}.AppStore|iPhoneSimulator.Build.0 = Release|Any CPU
		{92096AF6-EF79-4EBA-901C-EA3E28851768}.AppStore|iPhoneSimulator.Deploy.0 = Release|Any CPU
		{92096AF6-EF79-4EBA-901C-EA3E28851768}.AppStore|x64.ActiveCfg = Release|Any CPU
		{92096AF6-EF79-4EBA-901C-EA3E28851768}.AppStore|x64.Build.0 = Release|Any CPU
		{92096AF6-EF79-4EBA-901C-EA3E28851768}.AppStore|x64.Deploy.0 = Release|Any CPU
		{92096AF6-EF79-4EBA-901C-EA3E28851768}.AppStore|x86.ActiveCfg = Release|Any CPU
		{92096AF6-EF79-4EBA-901C-EA3E28851768}.AppStore|x86.Build.0 = Release|Any CPU
		{92096AF6-EF79-4EBA-901C-EA3E28851768}.AppStore|x86.Deploy.0 = Release|Any CPU
		{92096AF6-EF79-4EBA-901C-EA3E28851768}.Debug|Any CPU.ActiveCfg = Debug|Any CPU
		{92096AF6-EF79-4EBA-901C-EA3E28851768}.Debug|Any CPU.Build.0 = Debug|Any CPU
		{92096AF6-EF79-4EBA-901C-EA3E28851768}.Debug|Any CPU.Deploy.0 = Debug|Any CPU
		{92096AF6-EF79-4EBA-901C-EA3E28851768}.Debug|ARM.ActiveCfg = Debug|Any CPU
		{92096AF6-EF79-4EBA-901C-EA3E28851768}.Debug|ARM.Build.0 = Debug|Any CPU
		{92096AF6-EF79-4EBA-901C-EA3E28851768}.Debug|ARM.Deploy.0 = Debug|Any CPU
		{92096AF6-EF79-4EBA-901C-EA3E28851768}.Debug|iPhone.ActiveCfg = Debug|Any CPU
		{92096AF6-EF79-4EBA-901C-EA3E28851768}.Debug|iPhone.Build.0 = Debug|Any CPU
		{92096AF6-EF79-4EBA-901C-EA3E28851768}.Debug|iPhone.Deploy.0 = Debug|Any CPU
		{92096AF6-EF79-4EBA-901C-EA3E28851768}.Debug|iPhoneSimulator.ActiveCfg = Debug|Any CPU
		{92096AF6-EF79-4EBA-901C-EA3E28851768}.Debug|iPhoneSimulator.Build.0 = Debug|Any CPU
		{92096AF6-EF79-4EBA-901C-EA3E28851768}.Debug|iPhoneSimulator.Deploy.0 = Debug|Any CPU
		{92096AF6-EF79-4EBA-901C-EA3E28851768}.Debug|x64.ActiveCfg = Debug|Any CPU
		{92096AF6-EF79-4EBA-901C-EA3E28851768}.Debug|x64.Build.0 = Debug|Any CPU
		{92096AF6-EF79-4EBA-901C-EA3E28851768}.Debug|x64.Deploy.0 = Debug|Any CPU
		{92096AF6-EF79-4EBA-901C-EA3E28851768}.Debug|x86.ActiveCfg = Debug|Any CPU
		{92096AF6-EF79-4EBA-901C-EA3E28851768}.Debug|x86.Build.0 = Debug|Any CPU
		{92096AF6-EF79-4EBA-901C-EA3E28851768}.Debug|x86.Deploy.0 = Debug|Any CPU
		{92096AF6-EF79-4EBA-901C-EA3E28851768}.Release|Any CPU.ActiveCfg = Release|Any CPU
		{92096AF6-EF79-4EBA-901C-EA3E28851768}.Release|Any CPU.Build.0 = Release|Any CPU
		{92096AF6-EF79-4EBA-901C-EA3E28851768}.Release|Any CPU.Deploy.0 = Release|Any CPU
		{92096AF6-EF79-4EBA-901C-EA3E28851768}.Release|ARM.ActiveCfg = Release|Any CPU
		{92096AF6-EF79-4EBA-901C-EA3E28851768}.Release|ARM.Build.0 = Release|Any CPU
		{92096AF6-EF79-4EBA-901C-EA3E28851768}.Release|ARM.Deploy.0 = Release|Any CPU
		{92096AF6-EF79-4EBA-901C-EA3E28851768}.Release|iPhone.ActiveCfg = Release|Any CPU
		{92096AF6-EF79-4EBA-901C-EA3E28851768}.Release|iPhone.Build.0 = Release|Any CPU
		{92096AF6-EF79-4EBA-901C-EA3E28851768}.Release|iPhone.Deploy.0 = Release|Any CPU
		{92096AF6-EF79-4EBA-901C-EA3E28851768}.Release|iPhoneSimulator.ActiveCfg = Release|Any CPU
		{92096AF6-EF79-4EBA-901C-EA3E28851768}.Release|iPhoneSimulator.Build.0 = Release|Any CPU
		{92096AF6-EF79-4EBA-901C-EA3E28851768}.Release|iPhoneSimulator.Deploy.0 = Release|Any CPU
		{92096AF6-EF79-4EBA-901C-EA3E28851768}.Release|x64.ActiveCfg = Release|Any CPU
		{92096AF6-EF79-4EBA-901C-EA3E28851768}.Release|x64.Build.0 = Release|Any CPU
		{92096AF6-EF79-4EBA-901C-EA3E28851768}.Release|x64.Deploy.0 = Release|Any CPU
		{92096AF6-EF79-4EBA-901C-EA3E28851768}.Release|x86.ActiveCfg = Release|Any CPU
		{92096AF6-EF79-4EBA-901C-EA3E28851768}.Release|x86.Build.0 = Release|Any CPU
		{92096AF6-EF79-4EBA-901C-EA3E28851768}.Release|x86.Deploy.0 = Release|Any CPU
		{02747A0A-5AAF-47AF-8BC4-1BAAB4DB6D4D}.Ad-Hoc|Any CPU.ActiveCfg = Ad-Hoc|iPhone
		{02747A0A-5AAF-47AF-8BC4-1BAAB4DB6D4D}.Ad-Hoc|ARM.ActiveCfg = Ad-Hoc|iPhone
		{02747A0A-5AAF-47AF-8BC4-1BAAB4DB6D4D}.Ad-Hoc|iPhone.ActiveCfg = Ad-Hoc|iPhone
		{02747A0A-5AAF-47AF-8BC4-1BAAB4DB6D4D}.Ad-Hoc|iPhone.Build.0 = Ad-Hoc|iPhone
		{02747A0A-5AAF-47AF-8BC4-1BAAB4DB6D4D}.Ad-Hoc|iPhoneSimulator.ActiveCfg = Ad-Hoc|iPhoneSimulator
		{02747A0A-5AAF-47AF-8BC4-1BAAB4DB6D4D}.Ad-Hoc|iPhoneSimulator.Build.0 = Ad-Hoc|iPhoneSimulator
		{02747A0A-5AAF-47AF-8BC4-1BAAB4DB6D4D}.Ad-Hoc|x64.ActiveCfg = Ad-Hoc|iPhone
		{02747A0A-5AAF-47AF-8BC4-1BAAB4DB6D4D}.Ad-Hoc|x86.ActiveCfg = Ad-Hoc|iPhone
		{02747A0A-5AAF-47AF-8BC4-1BAAB4DB6D4D}.AppStore|Any CPU.ActiveCfg = AppStore|iPhone
		{02747A0A-5AAF-47AF-8BC4-1BAAB4DB6D4D}.AppStore|ARM.ActiveCfg = AppStore|iPhone
		{02747A0A-5AAF-47AF-8BC4-1BAAB4DB6D4D}.AppStore|iPhone.ActiveCfg = AppStore|iPhone
		{02747A0A-5AAF-47AF-8BC4-1BAAB4DB6D4D}.AppStore|iPhone.Build.0 = AppStore|iPhone
		{02747A0A-5AAF-47AF-8BC4-1BAAB4DB6D4D}.AppStore|iPhoneSimulator.ActiveCfg = AppStore|iPhoneSimulator
		{02747A0A-5AAF-47AF-8BC4-1BAAB4DB6D4D}.AppStore|iPhoneSimulator.Build.0 = AppStore|iPhoneSimulator
		{02747A0A-5AAF-47AF-8BC4-1BAAB4DB6D4D}.AppStore|x64.ActiveCfg = AppStore|iPhone
		{02747A0A-5AAF-47AF-8BC4-1BAAB4DB6D4D}.AppStore|x86.ActiveCfg = AppStore|iPhone
		{02747A0A-5AAF-47AF-8BC4-1BAAB4DB6D4D}.Debug|Any CPU.ActiveCfg = Debug|iPhone
		{02747A0A-5AAF-47AF-8BC4-1BAAB4DB6D4D}.Debug|ARM.ActiveCfg = Debug|iPhone
		{02747A0A-5AAF-47AF-8BC4-1BAAB4DB6D4D}.Debug|iPhone.ActiveCfg = Debug|iPhone
		{02747A0A-5AAF-47AF-8BC4-1BAAB4DB6D4D}.Debug|iPhone.Build.0 = Debug|iPhone
		{02747A0A-5AAF-47AF-8BC4-1BAAB4DB6D4D}.Debug|iPhoneSimulator.ActiveCfg = Debug|iPhoneSimulator
		{02747A0A-5AAF-47AF-8BC4-1BAAB4DB6D4D}.Debug|iPhoneSimulator.Build.0 = Debug|iPhoneSimulator
		{02747A0A-5AAF-47AF-8BC4-1BAAB4DB6D4D}.Debug|x64.ActiveCfg = Debug|iPhone
		{02747A0A-5AAF-47AF-8BC4-1BAAB4DB6D4D}.Debug|x86.ActiveCfg = Debug|iPhone
		{02747A0A-5AAF-47AF-8BC4-1BAAB4DB6D4D}.Release|Any CPU.ActiveCfg = Release|iPhone
		{02747A0A-5AAF-47AF-8BC4-1BAAB4DB6D4D}.Release|ARM.ActiveCfg = Release|iPhone
		{02747A0A-5AAF-47AF-8BC4-1BAAB4DB6D4D}.Release|iPhone.ActiveCfg = Release|iPhone
		{02747A0A-5AAF-47AF-8BC4-1BAAB4DB6D4D}.Release|iPhone.Build.0 = Release|iPhone
		{02747A0A-5AAF-47AF-8BC4-1BAAB4DB6D4D}.Release|iPhoneSimulator.ActiveCfg = Release|iPhoneSimulator
		{02747A0A-5AAF-47AF-8BC4-1BAAB4DB6D4D}.Release|iPhoneSimulator.Build.0 = Release|iPhoneSimulator
		{02747A0A-5AAF-47AF-8BC4-1BAAB4DB6D4D}.Release|x64.ActiveCfg = Release|iPhone
		{02747A0A-5AAF-47AF-8BC4-1BAAB4DB6D4D}.Release|x86.ActiveCfg = Release|iPhone
		{EAA08BF9-E0DC-4E1F-B19A-88425A3DDD96}.Ad-Hoc|Any CPU.ActiveCfg = Release|x86
		{EAA08BF9-E0DC-4E1F-B19A-88425A3DDD96}.Ad-Hoc|Any CPU.Build.0 = Release|x86
		{EAA08BF9-E0DC-4E1F-B19A-88425A3DDD96}.Ad-Hoc|Any CPU.Deploy.0 = Release|x86
		{EAA08BF9-E0DC-4E1F-B19A-88425A3DDD96}.Ad-Hoc|ARM.ActiveCfg = Release|ARM
		{EAA08BF9-E0DC-4E1F-B19A-88425A3DDD96}.Ad-Hoc|ARM.Build.0 = Release|ARM
		{EAA08BF9-E0DC-4E1F-B19A-88425A3DDD96}.Ad-Hoc|ARM.Deploy.0 = Release|ARM
		{EAA08BF9-E0DC-4E1F-B19A-88425A3DDD96}.Ad-Hoc|iPhone.ActiveCfg = Release|x86
		{EAA08BF9-E0DC-4E1F-B19A-88425A3DDD96}.Ad-Hoc|iPhone.Build.0 = Release|x86
		{EAA08BF9-E0DC-4E1F-B19A-88425A3DDD96}.Ad-Hoc|iPhone.Deploy.0 = Release|x86
		{EAA08BF9-E0DC-4E1F-B19A-88425A3DDD96}.Ad-Hoc|iPhoneSimulator.ActiveCfg = Release|x86
		{EAA08BF9-E0DC-4E1F-B19A-88425A3DDD96}.Ad-Hoc|iPhoneSimulator.Build.0 = Release|x86
		{EAA08BF9-E0DC-4E1F-B19A-88425A3DDD96}.Ad-Hoc|iPhoneSimulator.Deploy.0 = Release|x86
		{EAA08BF9-E0DC-4E1F-B19A-88425A3DDD96}.Ad-Hoc|x64.ActiveCfg = Release|x64
		{EAA08BF9-E0DC-4E1F-B19A-88425A3DDD96}.Ad-Hoc|x64.Build.0 = Release|x64
		{EAA08BF9-E0DC-4E1F-B19A-88425A3DDD96}.Ad-Hoc|x64.Deploy.0 = Release|x64
		{EAA08BF9-E0DC-4E1F-B19A-88425A3DDD96}.Ad-Hoc|x86.ActiveCfg = Release|x86
		{EAA08BF9-E0DC-4E1F-B19A-88425A3DDD96}.Ad-Hoc|x86.Build.0 = Release|x86
		{EAA08BF9-E0DC-4E1F-B19A-88425A3DDD96}.Ad-Hoc|x86.Deploy.0 = Release|x86
		{EAA08BF9-E0DC-4E1F-B19A-88425A3DDD96}.AppStore|Any CPU.ActiveCfg = Release|x86
		{EAA08BF9-E0DC-4E1F-B19A-88425A3DDD96}.AppStore|Any CPU.Build.0 = Release|x86
		{EAA08BF9-E0DC-4E1F-B19A-88425A3DDD96}.AppStore|Any CPU.Deploy.0 = Release|x86
		{EAA08BF9-E0DC-4E1F-B19A-88425A3DDD96}.AppStore|ARM.ActiveCfg = Release|ARM
		{EAA08BF9-E0DC-4E1F-B19A-88425A3DDD96}.AppStore|ARM.Build.0 = Release|ARM
		{EAA08BF9-E0DC-4E1F-B19A-88425A3DDD96}.AppStore|ARM.Deploy.0 = Release|ARM
		{EAA08BF9-E0DC-4E1F-B19A-88425A3DDD96}.AppStore|iPhone.ActiveCfg = Release|x86
		{EAA08BF9-E0DC-4E1F-B19A-88425A3DDD96}.AppStore|iPhone.Build.0 = Release|x86
		{EAA08BF9-E0DC-4E1F-B19A-88425A3DDD96}.AppStore|iPhone.Deploy.0 = Release|x86
		{EAA08BF9-E0DC-4E1F-B19A-88425A3DDD96}.AppStore|iPhoneSimulator.ActiveCfg = Release|x86
		{EAA08BF9-E0DC-4E1F-B19A-88425A3DDD96}.AppStore|iPhoneSimulator.Build.0 = Release|x86
		{EAA08BF9-E0DC-4E1F-B19A-88425A3DDD96}.AppStore|iPhoneSimulator.Deploy.0 = Release|x86
		{EAA08BF9-E0DC-4E1F-B19A-88425A3DDD96}.AppStore|x64.ActiveCfg = Release|x64
		{EAA08BF9-E0DC-4E1F-B19A-88425A3DDD96}.AppStore|x64.Build.0 = Release|x64
		{EAA08BF9-E0DC-4E1F-B19A-88425A3DDD96}.AppStore|x64.Deploy.0 = Release|x64
		{EAA08BF9-E0DC-4E1F-B19A-88425A3DDD96}.AppStore|x86.ActiveCfg = Release|x86
		{EAA08BF9-E0DC-4E1F-B19A-88425A3DDD96}.AppStore|x86.Build.0 = Release|x86
		{EAA08BF9-E0DC-4E1F-B19A-88425A3DDD96}.AppStore|x86.Deploy.0 = Release|x86
		{EAA08BF9-E0DC-4E1F-B19A-88425A3DDD96}.Debug|Any CPU.ActiveCfg = Debug|x86
		{EAA08BF9-E0DC-4E1F-B19A-88425A3DDD96}.Debug|ARM.ActiveCfg = Debug|ARM
		{EAA08BF9-E0DC-4E1F-B19A-88425A3DDD96}.Debug|ARM.Build.0 = Debug|ARM
		{EAA08BF9-E0DC-4E1F-B19A-88425A3DDD96}.Debug|ARM.Deploy.0 = Debug|ARM
		{EAA08BF9-E0DC-4E1F-B19A-88425A3DDD96}.Debug|iPhone.ActiveCfg = Debug|x86
		{EAA08BF9-E0DC-4E1F-B19A-88425A3DDD96}.Debug|iPhoneSimulator.ActiveCfg = Debug|x86
		{EAA08BF9-E0DC-4E1F-B19A-88425A3DDD96}.Debug|x64.ActiveCfg = Debug|x64
		{EAA08BF9-E0DC-4E1F-B19A-88425A3DDD96}.Debug|x64.Build.0 = Debug|x64
		{EAA08BF9-E0DC-4E1F-B19A-88425A3DDD96}.Debug|x64.Deploy.0 = Debug|x64
		{EAA08BF9-E0DC-4E1F-B19A-88425A3DDD96}.Debug|x86.ActiveCfg = Debug|x86
		{EAA08BF9-E0DC-4E1F-B19A-88425A3DDD96}.Debug|x86.Build.0 = Debug|x86
		{EAA08BF9-E0DC-4E1F-B19A-88425A3DDD96}.Debug|x86.Deploy.0 = Debug|x86
		{EAA08BF9-E0DC-4E1F-B19A-88425A3DDD96}.Release|Any CPU.ActiveCfg = Release|x86
		{EAA08BF9-E0DC-4E1F-B19A-88425A3DDD96}.Release|ARM.ActiveCfg = Release|ARM
		{EAA08BF9-E0DC-4E1F-B19A-88425A3DDD96}.Release|ARM.Build.0 = Release|ARM
		{EAA08BF9-E0DC-4E1F-B19A-88425A3DDD96}.Release|ARM.Deploy.0 = Release|ARM
		{EAA08BF9-E0DC-4E1F-B19A-88425A3DDD96}.Release|iPhone.ActiveCfg = Release|x86
		{EAA08BF9-E0DC-4E1F-B19A-88425A3DDD96}.Release|iPhoneSimulator.ActiveCfg = Release|x86
		{EAA08BF9-E0DC-4E1F-B19A-88425A3DDD96}.Release|x64.ActiveCfg = Release|x64
		{EAA08BF9-E0DC-4E1F-B19A-88425A3DDD96}.Release|x64.Build.0 = Release|x64
		{EAA08BF9-E0DC-4E1F-B19A-88425A3DDD96}.Release|x64.Deploy.0 = Release|x64
		{EAA08BF9-E0DC-4E1F-B19A-88425A3DDD96}.Release|x86.ActiveCfg = Release|x86
		{EAA08BF9-E0DC-4E1F-B19A-88425A3DDD96}.Release|x86.Build.0 = Release|x86
		{EAA08BF9-E0DC-4E1F-B19A-88425A3DDD96}.Release|x86.Deploy.0 = Release|x86
	EndGlobalSection
	GlobalSection(SolutionProperties) = preSolution
		HideSolutionNode = FALSE
	EndGlobalSection
EndGlobal
